
Microsoft Visual Studio Solution File, Format Version 12.00
# Visual Studio 14
VisualStudioVersion = 14.0.25420.1
MinimumVisualStudioVersion = 10.0.40219.1
Project("{F2A71F9B-5D33-465A-A702-920D77279786}") = "thegamma", "thegamma\thegamma.fsproj", "{AE8310C8-1F2B-4F9C-83F6-5D188B7517B2}"
EndProject
Project("{F2A71F9B-5D33-465A-A702-920D77279786}") = "bindings", "bindings\bindings.fsproj", "{278A68FC-0256-417C-AF13-9A4AF7381CCF}"
EndProject
Project("{F2A71F9B-5D33-465A-A702-920D77279786}") = "libraries", "libraries\libraries.fsproj", "{C103641D-9755-4DE4-BDA9-FDCFC022C80E}"
EndProject
Project("{2150E333-8FDC-42A3-9474-1A3956D46DE8}") = "tools", "tools", "{D6CA65DC-458D-447F-B87E-AD39D715FAD7}"
	ProjectSection(SolutionItems) = preProject
		..\tools\fsprovider.fsx = ..\tools\fsprovider.fsx
	EndProjectSection
EndProject
Project("{F2A71F9B-5D33-465A-A702-920D77279786}") = "gui", "gui\gui.fsproj", "{F1214B44-B9BF-4DC7-BF98-3A23E83E01FC}"
EndProject
Project("{2150E333-8FDC-42A3-9474-1A3956D46DE8}") = "project", "project", "{DE272232-9989-46E8-A7C0-64E186628638}"
	ProjectSection(SolutionItems) = preProject
		..\build.fsx = ..\build.fsx
		..\package.json = ..\package.json
		..\paket.dependencies = ..\paket.dependencies
		..\webpack.config.js = ..\webpack.config.js
	EndProjectSection
EndProject
Project("{F2A71F9B-5D33-465A-A702-920D77279786}") = "main", "main\main.fsproj", "{97180C4B-514C-40E6-A362-C205AF9ED05C}"
EndProject
Global
	GlobalSection(SolutionConfigurationPlatforms) = preSolution
		Debug|Any CPU = Debug|Any CPU
		Release|Any CPU = Release|Any CPU
	EndGlobalSection
	GlobalSection(ProjectConfigurationPlatforms) = postSolution
		{AE8310C8-1F2B-4F9C-83F6-5D188B7517B2}.Debug|Any CPU.ActiveCfg = Debug|Any CPU
		{AE8310C8-1F2B-4F9C-83F6-5D188B7517B2}.Debug|Any CPU.Build.0 = Debug|Any CPU
		{AE8310C8-1F2B-4F9C-83F6-5D188B7517B2}.Release|Any CPU.ActiveCfg = Release|Any CPU
		{AE8310C8-1F2B-4F9C-83F6-5D188B7517B2}.Release|Any CPU.Build.0 = Release|Any CPU
		{278A68FC-0256-417C-AF13-9A4AF7381CCF}.Debug|Any CPU.ActiveCfg = Debug|Any CPU
		{278A68FC-0256-417C-AF13-9A4AF7381CCF}.Debug|Any CPU.Build.0 = Debug|Any CPU
		{278A68FC-0256-417C-AF13-9A4AF7381CCF}.Release|Any CPU.ActiveCfg = Release|Any CPU
		{278A68FC-0256-417C-AF13-9A4AF7381CCF}.Release|Any CPU.Build.0 = Release|Any CPU
		{C103641D-9755-4DE4-BDA9-FDCFC022C80E}.Debug|Any CPU.ActiveCfg = Debug|Any CPU
		{C103641D-9755-4DE4-BDA9-FDCFC022C80E}.Debug|Any CPU.Build.0 = Debug|Any CPU
		{C103641D-9755-4DE4-BDA9-FDCFC022C80E}.Release|Any CPU.ActiveCfg = Release|Any CPU
		{C103641D-9755-4DE4-BDA9-FDCFC022C80E}.Release|Any CPU.Build.0 = Release|Any CPU
		{F1214B44-B9BF-4DC7-BF98-3A23E83E01FC}.Debug|Any CPU.ActiveCfg = Debug|Any CPU
		{F1214B44-B9BF-4DC7-BF98-3A23E83E01FC}.Debug|Any CPU.Build.0 = Debug|Any CPU
		{F1214B44-B9BF-4DC7-BF98-3A23E83E01FC}.Release|Any CPU.ActiveCfg = Release|Any CPU
		{F1214B44-B9BF-4DC7-BF98-3A23E83E01FC}.Release|Any CPU.Build.0 = Release|Any CPU
		{97180C4B-514C-40E6-A362-C205AF9ED05C}.Debug|Any CPU.ActiveCfg = Debug|Any CPU
		{97180C4B-514C-40E6-A362-C205AF9ED05C}.Debug|Any CPU.Build.0 = Debug|Any CPU
		{97180C4B-514C-40E6-A362-C205AF9ED05C}.Release|Any CPU.ActiveCfg = Release|Any CPU
		{97180C4B-514C-40E6-A362-C205AF9ED05C}.Release|Any CPU.Build.0 = Release|Any CPU
	EndGlobalSection
	GlobalSection(SolutionProperties) = preSolution
		HideSolutionNode = FALSE
	EndGlobalSection
EndGlobal
